
Microsoft Visual Studio Solution File, Format Version 12.00
# Visual Studio 15
VisualStudioVersion = 15.0.28307.136
MinimumVisualStudioVersion = 10.0.40219.1
Project("{FAE04EC0-301F-11D3-BF4B-00C04F79EFBC}") = "AirsoftCore.WebUI", "AirsoftCore.WebUI\AirsoftCore.WebUI.csproj", "{0523995F-5A7B-4C71-978B-D19D55F4DC40}"
EndProject
Project("{FAE04EC0-301F-11D3-BF4B-00C04F79EFBC}") = "AirsoftCore.Domain", "AirsoftCore.Domain\AirsoftCore.Domain.csproj", "{B2124F19-0724-4DDB-8B4A-220A863EDD15}"
EndProject
Project("{2150E333-8FDC-42A3-9474-1A3956D46DE8}") = "Core", "Core", "{023A2742-8B7D-4014-8A8B-E5F9730D1AC2}"
EndProject
Project("{FAE04EC0-301F-11D3-BF4B-00C04F79EFBC}") = "AirsoftCore.Application", "AirsoftCore.Application\AirsoftCore.Application.csproj", "{5EBBE64C-3518-493E-B8F5-41EDB14DC4AB}"
EndProject
Project("{2150E333-8FDC-42A3-9474-1A3956D46DE8}") = "Infrastructure", "Infrastructure", "{A2FA9D2F-7842-41C9-9B2B-0343847E2C9B}"
EndProject
Project("{FAE04EC0-301F-11D3-BF4B-00C04F79EFBC}") = "AirsoftCore.Infrastructure", "AirsoftCore.Infrastructure\AirsoftCore.Infrastructure.csproj", "{CB8ACCC9-C65E-46F8-A853-0CFD37E96DC2}"
EndProject
Project("{FAE04EC0-301F-11D3-BF4B-00C04F79EFBC}") = "AirsoftCore.Persistence", "AirsoftCore.Persistence\AirsoftCore.Persistence.csproj", "{FB2AE4D5-C759-427F-8406-83295E4C573B}"
EndProject
Project("{FAE04EC0-301F-11D3-BF4B-00C04F79EFBC}") = "AirsoftCore.Common", "AirsoftCore.Common\AirsoftCore.Common.csproj", "{46BD1E87-E384-4D96-B65F-AF6752F1CA75}"
EndProject
Project("{2150E333-8FDC-42A3-9474-1A3956D46DE8}") = "Common", "Common", "{AEB344F7-CB72-4681-999B-D4D7C6362429}"
EndProject
Project("{2150E333-8FDC-42A3-9474-1A3956D46DE8}") = "Presentation", "Presentation", "{445F598D-FA61-4760-8AE4-D48665410E79}"
EndProject
Global
	GlobalSection(SolutionConfigurationPlatforms) = preSolution
		Debug|Any CPU = Debug|Any CPU
		Release|Any CPU = Release|Any CPU
	EndGlobalSection
	GlobalSection(ProjectConfigurationPlatforms) = postSolution
		{0523995F-5A7B-4C71-978B-D19D55F4DC40}.Debug|Any CPU.ActiveCfg = Debug|Any CPU
		{0523995F-5A7B-4C71-978B-D19D55F4DC40}.Debug|Any CPU.Build.0 = Debug|Any CPU
		{0523995F-5A7B-4C71-978B-D19D55F4DC40}.Release|Any CPU.ActiveCfg = Release|Any CPU
		{0523995F-5A7B-4C71-978B-D19D55F4DC40}.Release|Any CPU.Build.0 = Release|Any CPU
		{B2124F19-0724-4DDB-8B4A-220A863EDD15}.Debug|Any CPU.ActiveCfg = Debug|Any CPU
		{B2124F19-0724-4DDB-8B4A-220A863EDD15}.Debug|Any CPU.Build.0 = Debug|Any CPU
		{B2124F19-0724-4DDB-8B4A-220A863EDD15}.Release|Any CPU.ActiveCfg = Release|Any CPU
		{B2124F19-0724-4DDB-8B4A-220A863EDD15}.Release|Any CPU.Build.0 = Release|Any CPU
		{5EBBE64C-3518-493E-B8F5-41EDB14DC4AB}.Debug|Any CPU.ActiveCfg = Debug|Any CPU
		{5EBBE64C-3518-493E-B8F5-41EDB14DC4AB}.Debug|Any CPU.Build.0 = Debug|Any CPU
		{5EBBE64C-3518-493E-B8F5-41EDB14DC4AB}.Release|Any CPU.ActiveCfg = Release|Any CPU
		{5EBBE64C-3518-493E-B8F5-41EDB14DC4AB}.Release|Any CPU.Build.0 = Release|Any CPU
		{CB8ACCC9-C65E-46F8-A853-0CFD37E96DC2}.Debug|Any CPU.ActiveCfg = Debug|Any CPU
		{CB8ACCC9-C65E-46F8-A853-0CFD37E96DC2}.Debug|Any CPU.Build.0 = Debug|Any CPU
		{CB8ACCC9-C65E-46F8-A853-0CFD37E96DC2}.Release|Any CPU.ActiveCfg = Release|Any CPU
		{CB8ACCC9-C65E-46F8-A853-0CFD37E96DC2}.Release|Any CPU.Build.0 = Release|Any CPU
		{FB2AE4D5-C759-427F-8406-83295E4C573B}.Debug|Any CPU.ActiveCfg = Debug|Any CPU
		{FB2AE4D5-C759-427F-8406-83295E4C573B}.Debug|Any CPU.Build.0 = Debug|Any CPU
		{FB2AE4D5-C759-427F-8406-83295E4C573B}.Release|Any CPU.ActiveCfg = Release|Any CPU
		{FB2AE4D5-C759-427F-8406-83295E4C573B}.Release|Any CPU.Build.0 = Release|Any CPU
		{46BD1E87-E384-4D96-B65F-AF6752F1CA75}.Debug|Any CPU.ActiveCfg = Debug|Any CPU
		{46BD1E87-E384-4D96-B65F-AF6752F1CA75}.Debug|Any CPU.Build.0 = Debug|Any CPU
		{46BD1E87-E384-4D96-B65F-AF6752F1CA75}.Release|Any CPU.ActiveCfg = Release|Any CPU
		{46BD1E87-E384-4D96-B65F-AF6752F1CA75}.Release|Any CPU.Build.0 = Release|Any CPU
	EndGlobalSection
	GlobalSection(SolutionProperties) = preSolution
		HideSolutionNode = FALSE
	EndGlobalSection
	GlobalSection(NestedProjects) = preSolution
		{0523995F-5A7B-4C71-978B-D19D55F4DC40} = {445F598D-FA61-4760-8AE4-D48665410E79}
		{B2124F19-0724-4DDB-8B4A-220A863EDD15} = {023A2742-8B7D-4014-8A8B-E5F9730D1AC2}
		{5EBBE64C-3518-493E-B8F5-41EDB14DC4AB} = {023A2742-8B7D-4014-8A8B-E5F9730D1AC2}
		{CB8ACCC9-C65E-46F8-A853-0CFD37E96DC2} = {A2FA9D2F-7842-41C9-9B2B-0343847E2C9B}
		{FB2AE4D5-C759-427F-8406-83295E4C573B} = {A2FA9D2F-7842-41C9-9B2B-0343847E2C9B}
		{46BD1E87-E384-4D96-B65F-AF6752F1CA75} = {AEB344F7-CB72-4681-999B-D4D7C6362429}
	EndGlobalSection
	GlobalSection(ExtensibilityGlobals) = postSolution
		SolutionGuid = {7A2677AA-7D53-4A0F-9752-DA04437C4B0C}
	EndGlobalSection
EndGlobal
